// !$*UTF8*$!
{
	archiveVersion = 1;
	classes = {
	};
	objectVersion = 46;
	objects = {

/* Begin PBXBuildFile section */
		851ED3301DE6C83300C63AC7 /* LiveroomVC.m in Sources */ = {isa = PBXBuildFile; fileRef = 851ED32F1DE6C83300C63AC7 /* LiveroomVC.m */; };
		851ED3331DE6C88200C63AC7 /* LiveroomCell.m in Sources */ = {isa = PBXBuildFile; fileRef = 851ED3321DE6C88200C63AC7 /* LiveroomCell.m */; };
		851ED3361DE6C8B500C63AC7 /* LiveroomView.m in Sources */ = {isa = PBXBuildFile; fileRef = 851ED3351DE6C8B500C63AC7 /* LiveroomView.m */; };
		851ED3391DE6D3C900C63AC7 /* liveRoomModel.m in Sources */ = {isa = PBXBuildFile; fileRef = 851ED3381DE6D3C900C63AC7 /* liveRoomModel.m */; };
		851ED33D1DE7140200C63AC7 /* registerVC.m in Sources */ = {isa = PBXBuildFile; fileRef = 851ED33C1DE7140200C63AC7 /* registerVC.m */; };
		852F39421DE57A65004F5B92 /* Storyboard.storyboard in Resources */ = {isa = PBXBuildFile; fileRef = 852F39411DE57A65004F5B92 /* Storyboard.storyboard */; };
		852F39441DE57A6C004F5B92 /* Launch Screen.storyboard in Resources */ = {isa = PBXBuildFile; fileRef = 852F39431DE57A6C004F5B92 /* Launch Screen.storyboard */; };
		852F39461DE57A95004F5B92 /* Images.xcassets in Resources */ = {isa = PBXBuildFile; fileRef = 852F39451DE57A95004F5B92 /* Images.xcassets */; };
		852F39491DE57EA1004F5B92 /* MyTableViewController.m in Sources */ = {isa = PBXBuildFile; fileRef = 852F39481DE57EA1004F5B92 /* MyTableViewController.m */; };
		858A07441DE2963F00201462 /* programaModel.m in Sources */ = {isa = PBXBuildFile; fileRef = 858A07431DE2963F00201462 /* programaModel.m */; };
		858A07481DE29B5800201462 /* programacell.m in Sources */ = {isa = PBXBuildFile; fileRef = 858A07471DE29B5800201462 /* programacell.m */; };
		858A074C1DE2CCF600201462 /* UIScrollView+Refresh.m in Sources */ = {isa = PBXBuildFile; fileRef = 858A074B1DE2CCF600201462 /* UIScrollView+Refresh.m */; };
		858A07521DE3155600201462 /* LiveController.m in Sources */ = {isa = PBXBuildFile; fileRef = 858A07511DE3155600201462 /* LiveController.m */; };
		858A07591DE31B9D00201462 /* LiveLayout.m in Sources */ = {isa = PBXBuildFile; fileRef = 858A07581DE31B9D00201462 /* LiveLayout.m */; };
		85D596691DDEE879009AC9CE /* main.m in Sources */ = {isa = PBXBuildFile; fileRef = 85D596681DDEE879009AC9CE /* main.m */; };
		85D5966C1DDEE879009AC9CE /* AppDelegate.m in Sources */ = {isa = PBXBuildFile; fileRef = 85D5966B1DDEE879009AC9CE /* AppDelegate.m */; };
		85D596981DDEEF87009AC9CE /* BaseNetManager.m in Sources */ = {isa = PBXBuildFile; fileRef = 85D596931DDEEF87009AC9CE /* BaseNetManager.m */; };
		85D596991DDEEF87009AC9CE /* NetManager.m in Sources */ = {isa = PBXBuildFile; fileRef = 85D596951DDEEF87009AC9CE /* NetManager.m */; };
		85D596A31DDEF0B4009AC9CE /* NSString+ZX_Method.m in Sources */ = {isa = PBXBuildFile; fileRef = 85D596A21DDEF0B4009AC9CE /* NSString+ZX_Method.m */; };
		85D596A61DDEF0DC009AC9CE /* NSObject+Pares.m in Sources */ = {isa = PBXBuildFile; fileRef = 85D596A51DDEF0DC009AC9CE /* NSObject+Pares.m */; };
		85D596A91DDEF0F0009AC9CE /* UIView+HUD.m in Sources */ = {isa = PBXBuildFile; fileRef = 85D596A81DDEF0F0009AC9CE /* UIView+HUD.m */; };
		85D596B41DDEF3A5009AC9CE /* TableViewController.m in Sources */ = {isa = PBXBuildFile; fileRef = 85D596B31DDEF3A5009AC9CE /* TableViewController.m */; };
		85D596B71DDEF3D3009AC9CE /* homepageVC.m in Sources */ = {isa = PBXBuildFile; fileRef = 85D596B61DDEF3D3009AC9CE /* homepageVC.m */; };
		85D596BA1DDEF3EC009AC9CE /* programaVC.m in Sources */ = {isa = PBXBuildFile; fileRef = 85D596B91DDEF3EC009AC9CE /* programaVC.m */; };
		85D596BD1DDEF409009AC9CE /* liveVC.m in Sources */ = {isa = PBXBuildFile; fileRef = 85D596BC1DDEF409009AC9CE /* liveVC.m */; };
		85D596C01DDEF423009AC9CE /* MyHomeVC.m in Sources */ = {isa = PBXBuildFile; fileRef = 85D596BF1DDEF423009AC9CE /* MyHomeVC.m */; };
		85DFFA761DDF2C5A00EAEE95 /* liveModel.m in Sources */ = {isa = PBXBuildFile; fileRef = 85DFFA751DDF2C5A00EAEE95 /* liveModel.m */; };
		85DFFA7C1DDF365600EAEE95 /* liveTVCell.m in Sources */ = {isa = PBXBuildFile; fileRef = 85DFFA7B1DDF365600EAEE95 /* liveTVCell.m */; };
		85DFFA7F1DDF3BA200EAEE95 /* llvelayout.m in Sources */ = {isa = PBXBuildFile; fileRef = 85DFFA7E1DDF3BA200EAEE95 /* llvelayout.m */; };
		E9CC77EC67BB1E3DE2FDEB9A /* libPods-AllpeopleTV.a in Frameworks */ = {isa = PBXBuildFile; fileRef = ED4AFB6CB5895657F69A525C /* libPods-AllpeopleTV.a */; };
/* End PBXBuildFile section */

/* Begin PBXFileReference section */
		69EA250167B32B960892BA41 /* Pods-AllpeopleTV.release.xcconfig */ = {isa = PBXFileReference; includeInIndex = 1; lastKnownFileType = text.xcconfig; name = "Pods-AllpeopleTV.release.xcconfig"; path = "Pods/Target Support Files/Pods-AllpeopleTV/Pods-AllpeopleTV.release.xcconfig"; sourceTree = "<group>"; };
		851ED32E1DE6C83300C63AC7 /* LiveroomVC.h */ = {isa = PBXFileReference; fileEncoding = 4; lastKnownFileType = sourcecode.c.h; path = LiveroomVC.h; sourceTree = "<group>"; };
		851ED32F1DE6C83300C63AC7 /* LiveroomVC.m */ = {isa = PBXFileReference; fileEncoding = 4; lastKnownFileType = sourcecode.c.objc; path = LiveroomVC.m; sourceTree = "<group>"; };
		851ED3311DE6C88200C63AC7 /* LiveroomCell.h */ = {isa = PBXFileReference; fileEncoding = 4; lastKnownFileType = sourcecode.c.h; path = LiveroomCell.h; sourceTree = "<group>"; };
		851ED3321DE6C88200C63AC7 /* LiveroomCell.m */ = {isa = PBXFileReference; fileEncoding = 4; lastKnownFileType = sourcecode.c.objc; path = LiveroomCell.m; sourceTree = "<group>"; };
		851ED3341DE6C8B500C63AC7 /* LiveroomView.h */ = {isa = PBXFileReference; fileEncoding = 4; lastKnownFileType = sourcecode.c.h; path = LiveroomView.h; sourceTree = "<group>"; };
		851ED3351DE6C8B500C63AC7 /* LiveroomView.m */ = {isa = PBXFileReference; fileEncoding = 4; lastKnownFileType = sourcecode.c.objc; path = LiveroomView.m; sourceTree = "<group>"; };
		851ED3371DE6D3C900C63AC7 /* liveRoomModel.h */ = {isa = PBXFileReference; fileEncoding = 4; lastKnownFileType = sourcecode.c.h; path = liveRoomModel.h; sourceTree = "<group>"; };
		851ED3381DE6D3C900C63AC7 /* liveRoomModel.m */ = {isa = PBXFileReference; fileEncoding = 4; lastKnownFileType = sourcecode.c.objc; path = liveRoomModel.m; sourceTree = "<group>"; };
		851ED33B1DE7140200C63AC7 /* registerVC.h */ = {isa = PBXFileReference; fileEncoding = 4; lastKnownFileType = sourcecode.c.h; path = registerVC.h; sourceTree = "<group>"; };
		851ED33C1DE7140200C63AC7 /* registerVC.m */ = {isa = PBXFileReference; fileEncoding = 4; lastKnownFileType = sourcecode.c.objc; path = registerVC.m; sourceTree = "<group>"; };
		852F39411DE57A65004F5B92 /* Storyboard.storyboard */ = {isa = PBXFileReference; fileEncoding = 4; lastKnownFileType = file.storyboard; path = Storyboard.storyboard; sourceTree = "<group>"; };
		852F39431DE57A6C004F5B92 /* Launch Screen.storyboard */ = {isa = PBXFileReference; fileEncoding = 4; lastKnownFileType = file.storyboard; path = "Launch Screen.storyboard"; sourceTree = "<group>"; };
		852F39451DE57A95004F5B92 /* Images.xcassets */ = {isa = PBXFileReference; lastKnownFileType = folder.assetcatalog; name = Images.xcassets; path = ../AllpeopleTV/Images.xcassets; sourceTree = "<group>"; };
		852F39471DE57EA1004F5B92 /* MyTableViewController.h */ = {isa = PBXFileReference; fileEncoding = 4; lastKnownFileType = sourcecode.c.h; path = MyTableViewController.h; sourceTree = "<group>"; };
		852F39481DE57EA1004F5B92 /* MyTableViewController.m */ = {isa = PBXFileReference; fileEncoding = 4; lastKnownFileType = sourcecode.c.objc; path = MyTableViewController.m; sourceTree = "<group>"; };
		858A07421DE2963F00201462 /* programaModel.h */ = {isa = PBXFileReference; fileEncoding = 4; lastKnownFileType = sourcecode.c.h; path = programaModel.h; sourceTree = "<group>"; };
		858A07431DE2963F00201462 /* programaModel.m */ = {isa = PBXFileReference; fileEncoding = 4; lastKnownFileType = sourcecode.c.objc; path = programaModel.m; sourceTree = "<group>"; };
		858A07461DE29B5800201462 /* programacell.h */ = {isa = PBXFileReference; fileEncoding = 4; lastKnownFileType = sourcecode.c.h; path = programacell.h; sourceTree = "<group>"; };
		858A07471DE29B5800201462 /* programacell.m */ = {isa = PBXFileReference; fileEncoding = 4; lastKnownFileType = sourcecode.c.objc; path = programacell.m; sourceTree = "<group>"; };
		858A074A1DE2CCF600201462 /* UIScrollView+Refresh.h */ = {isa = PBXFileReference; fileEncoding = 4; lastKnownFileType = sourcecode.c.h; path = "UIScrollView+Refresh.h"; sourceTree = "<group>"; };
		858A074B1DE2CCF600201462 /* UIScrollView+Refresh.m */ = {isa = PBXFileReference; fileEncoding = 4; lastKnownFileType = sourcecode.c.objc; path = "UIScrollView+Refresh.m"; sourceTree = "<group>"; };
		858A07501DE3155600201462 /* LiveController.h */ = {isa = PBXFileReference; fileEncoding = 4; lastKnownFileType = sourcecode.c.h; path = LiveController.h; sourceTree = "<group>"; };
		858A07511DE3155600201462 /* LiveController.m */ = {isa = PBXFileReference; fileEncoding = 4; lastKnownFileType = sourcecode.c.objc; path = LiveController.m; sourceTree = "<group>"; };
		858A07571DE31B9D00201462 /* LiveLayout.h */ = {isa = PBXFileReference; fileEncoding = 4; lastKnownFileType = sourcecode.c.h; path = LiveLayout.h; sourceTree = "<group>"; };
		858A07581DE31B9D00201462 /* LiveLayout.m */ = {isa = PBXFileReference; fileEncoding = 4; lastKnownFileType = sourcecode.c.objc; path = LiveLayout.m; sourceTree = "<group>"; };
		85D596641DDEE879009AC9CE /* AllpeopleTV.app */ = {isa = PBXFileReference; explicitFileType = wrapper.application; includeInIndex = 0; path = AllpeopleTV.app; sourceTree = BUILT_PRODUCTS_DIR; };
		85D596681DDEE879009AC9CE /* main.m */ = {isa = PBXFileReference; lastKnownFileType = sourcecode.c.objc; path = main.m; sourceTree = "<group>"; };
		85D5966A1DDEE879009AC9CE /* AppDelegate.h */ = {isa = PBXFileReference; lastKnownFileType = sourcecode.c.h; path = AppDelegate.h; sourceTree = "<group>"; };
		85D5966B1DDEE879009AC9CE /* AppDelegate.m */ = {isa = PBXFileReference; lastKnownFileType = sourcecode.c.objc; path = AppDelegate.m; sourceTree = "<group>"; };
		85D596781DDEE87A009AC9CE /* Info.plist */ = {isa = PBXFileReference; lastKnownFileType = text.plist.xml; path = Info.plist; sourceTree = "<group>"; };
		85D596921DDEEF87009AC9CE /* BaseNetManager.h */ = {isa = PBXFileReference; fileEncoding = 4; lastKnownFileType = sourcecode.c.h; path = BaseNetManager.h; sourceTree = "<group>"; };
		85D596931DDEEF87009AC9CE /* BaseNetManager.m */ = {isa = PBXFileReference; fileEncoding = 4; lastKnownFileType = sourcecode.c.objc; path = BaseNetManager.m; sourceTree = "<group>"; };
		85D596941DDEEF87009AC9CE /* NetManager.h */ = {isa = PBXFileReference; fileEncoding = 4; lastKnownFileType = sourcecode.c.h; path = NetManager.h; sourceTree = "<group>"; };
		85D596951DDEEF87009AC9CE /* NetManager.m */ = {isa = PBXFileReference; fileEncoding = 4; lastKnownFileType = sourcecode.c.objc; path = NetManager.m; sourceTree = "<group>"; };
		85D5969A1DDEEF9C009AC9CE /* PrefixHeader.pch */ = {isa = PBXFileReference; fileEncoding = 4; lastKnownFileType = sourcecode.c.h; path = PrefixHeader.pch; sourceTree = "<group>"; };
		85D596A11DDEF0B4009AC9CE /* NSString+ZX_Method.h */ = {isa = PBXFileReference; fileEncoding = 4; lastKnownFileType = sourcecode.c.h; path = "NSString+ZX_Method.h"; sourceTree = "<group>"; };
		85D596A21DDEF0B4009AC9CE /* NSString+ZX_Method.m */ = {isa = PBXFileReference; fileEncoding = 4; lastKnownFileType = sourcecode.c.objc; path = "NSString+ZX_Method.m"; sourceTree = "<group>"; };
		85D596A41DDEF0DC009AC9CE /* NSObject+Pares.h */ = {isa = PBXFileReference; fileEncoding = 4; lastKnownFileType = sourcecode.c.h; path = "NSObject+Pares.h"; sourceTree = "<group>"; };
		85D596A51DDEF0DC009AC9CE /* NSObject+Pares.m */ = {isa = PBXFileReference; fileEncoding = 4; lastKnownFileType = sourcecode.c.objc; path = "NSObject+Pares.m"; sourceTree = "<group>"; };
		85D596A71DDEF0F0009AC9CE /* UIView+HUD.h */ = {isa = PBXFileReference; fileEncoding = 4; lastKnownFileType = sourcecode.c.h; path = "UIView+HUD.h"; sourceTree = "<group>"; };
		85D596A81DDEF0F0009AC9CE /* UIView+HUD.m */ = {isa = PBXFileReference; fileEncoding = 4; lastKnownFileType = sourcecode.c.objc; path = "UIView+HUD.m"; sourceTree = "<group>"; };
		85D596B21DDEF3A5009AC9CE /* TableViewController.h */ = {isa = PBXFileReference; fileEncoding = 4; lastKnownFileType = sourcecode.c.h; path = TableViewController.h; sourceTree = "<group>"; };
		85D596B31DDEF3A5009AC9CE /* TableViewController.m */ = {isa = PBXFileReference; fileEncoding = 4; lastKnownFileType = sourcecode.c.objc; path = TableViewController.m; sourceTree = "<group>"; };
		85D596B51DDEF3D3009AC9CE /* homepageVC.h */ = {isa = PBXFileReference; fileEncoding = 4; lastKnownFileType = sourcecode.c.h; path = homepageVC.h; sourceTree = "<group>"; };
		85D596B61DDEF3D3009AC9CE /* homepageVC.m */ = {isa = PBXFileReference; fileEncoding = 4; lastKnownFileType = sourcecode.c.objc; path = homepageVC.m; sourceTree = "<group>"; };
		85D596B81DDEF3EC009AC9CE /* programaVC.h */ = {isa = PBXFileReference; fileEncoding = 4; lastKnownFileType = sourcecode.c.h; path = programaVC.h; sourceTree = "<group>"; };
		85D596B91DDEF3EC009AC9CE /* programaVC.m */ = {isa = PBXFileReference; fileEncoding = 4; lastKnownFileType = sourcecode.c.objc; path = programaVC.m; sourceTree = "<group>"; };
		85D596BB1DDEF409009AC9CE /* liveVC.h */ = {isa = PBXFileReference; fileEncoding = 4; lastKnownFileType = sourcecode.c.h; path = liveVC.h; sourceTree = "<group>"; };
		85D596BC1DDEF409009AC9CE /* liveVC.m */ = {isa = PBXFileReference; fileEncoding = 4; lastKnownFileType = sourcecode.c.objc; path = liveVC.m; sourceTree = "<group>"; };
		85D596BE1DDEF423009AC9CE /* MyHomeVC.h */ = {isa = PBXFileReference; fileEncoding = 4; lastKnownFileType = sourcecode.c.h; path = MyHomeVC.h; sourceTree = "<group>"; };
		85D596BF1DDEF423009AC9CE /* MyHomeVC.m */ = {isa = PBXFileReference; fileEncoding = 4; lastKnownFileType = sourcecode.c.objc; path = MyHomeVC.m; sourceTree = "<group>"; };
		85DFFA741DDF2C5A00EAEE95 /* liveModel.h */ = {isa = PBXFileReference; fileEncoding = 4; lastKnownFileType = sourcecode.c.h; path = liveModel.h; sourceTree = "<group>"; };
		85DFFA751DDF2C5A00EAEE95 /* liveModel.m */ = {isa = PBXFileReference; fileEncoding = 4; lastKnownFileType = sourcecode.c.objc; path = liveModel.m; sourceTree = "<group>"; };
		85DFFA791DDF30DE00EAEE95 /* Constant.h */ = {isa = PBXFileReference; fileEncoding = 4; lastKnownFileType = sourcecode.c.h; path = Constant.h; sourceTree = "<group>"; };
		85DFFA7A1DDF365600EAEE95 /* liveTVCell.h */ = {isa = PBXFileReference; fileEncoding = 4; lastKnownFileType = sourcecode.c.h; path = liveTVCell.h; sourceTree = "<group>"; };
		85DFFA7B1DDF365600EAEE95 /* liveTVCell.m */ = {isa = PBXFileReference; fileEncoding = 4; lastKnownFileType = sourcecode.c.objc; path = liveTVCell.m; sourceTree = "<group>"; };
		85DFFA7D1DDF3BA200EAEE95 /* llvelayout.h */ = {isa = PBXFileReference; fileEncoding = 4; lastKnownFileType = sourcecode.c.h; path = llvelayout.h; sourceTree = "<group>"; };
		85DFFA7E1DDF3BA200EAEE95 /* llvelayout.m */ = {isa = PBXFileReference; fileEncoding = 4; lastKnownFileType = sourcecode.c.objc; path = llvelayout.m; sourceTree = "<group>"; };
		B00C938F55D556E01B4DB968 /* Pods-AllpeopleTV.debug.xcconfig */ = {isa = PBXFileReference; includeInIndex = 1; lastKnownFileType = text.xcconfig; name = "Pods-AllpeopleTV.debug.xcconfig"; path = "Pods/Target Support Files/Pods-AllpeopleTV/Pods-AllpeopleTV.debug.xcconfig"; sourceTree = "<group>"; };
		ED4AFB6CB5895657F69A525C /* libPods-AllpeopleTV.a */ = {isa = PBXFileReference; explicitFileType = archive.ar; includeInIndex = 0; path = "libPods-AllpeopleTV.a"; sourceTree = BUILT_PRODUCTS_DIR; };
/* End PBXFileReference section */

/* Begin PBXFrameworksBuildPhase section */
		85D596611DDEE879009AC9CE /* Frameworks */ = {
			isa = PBXFrameworksBuildPhase;
			buildActionMask = 2147483647;
			files = (
				E9CC77EC67BB1E3DE2FDEB9A /* libPods-AllpeopleTV.a in Frameworks */,
			);
			runOnlyForDeploymentPostprocessing = 0;
		};
/* End PBXFrameworksBuildPhase section */

/* Begin PBXGroup section */
		01D2081448DEBDC97CF73592 /* Frameworks */ = {
			isa = PBXGroup;
			children = (
				ED4AFB6CB5895657F69A525C /* libPods-AllpeopleTV.a */,
			);
			name = Frameworks;
			sourceTree = "<group>";
		};
		3DEA22B71F7DB8AAAC9BF031 /* Pods */ = {
			isa = PBXGroup;
			children = (
				B00C938F55D556E01B4DB968 /* Pods-AllpeopleTV.debug.xcconfig */,
				69EA250167B32B960892BA41 /* Pods-AllpeopleTV.release.xcconfig */,
			);
			name = Pods;
			sourceTree = "<group>";
		};
		851ED33A1DE7139500C63AC7 /* 注册页面 */ = {
			isa = PBXGroup;
			children = (
				851ED33B1DE7140200C63AC7 /* registerVC.h */,
				851ED33C1DE7140200C63AC7 /* registerVC.m */,
			);
			name = "注册页面";
			sourceTree = "<group>";
		};
		852F39401DE57A4B004F5B92 /* Resources */ = {
			isa = PBXGroup;
			children = (
				852F39411DE57A65004F5B92 /* Storyboard.storyboard */,
				852F39451DE57A95004F5B92 /* Images.xcassets */,
				852F39431DE57A6C004F5B92 /* Launch Screen.storyboard */,
			);
			name = Resources;
			path = ../Resources;
			sourceTree = "<group>";
		};
		858A07411DE2960500201462 /* 栏目Model */ = {
			isa = PBXGroup;
			children = (
				858A07421DE2963F00201462 /* programaModel.h */,
				858A07431DE2963F00201462 /* programaModel.m */,
			);
			name = "栏目Model";
			sourceTree = "<group>";
		};
		858A07451DE29B2F00201462 /* 栏目Cell */ = {
			isa = PBXGroup;
			children = (
				858A07461DE29B5800201462 /* programacell.h */,
				858A07471DE29B5800201462 /* programacell.m */,
			);
			name = "栏目Cell";
			sourceTree = "<group>";
		};
		858A07491DE2C60700201462 /* 直播Cell */ = {
			isa = PBXGroup;
			children = (
				85DFFA7A1DDF365600EAEE95 /* liveTVCell.h */,
				85DFFA7B1DDF365600EAEE95 /* liveTVCell.m */,
				851ED3311DE6C88200C63AC7 /* LiveroomCell.h */,
				851ED3321DE6C88200C63AC7 /* LiveroomCell.m */,
				851ED3341DE6C8B500C63AC7 /* LiveroomView.h */,
				851ED3351DE6C8B500C63AC7 /* LiveroomView.m */,
			);
			name = "直播Cell";
			sourceTree = "<group>";
		};
		858A074D1DE3143C00201462 /* 栏目二级Cell */ = {
			isa = PBXGroup;
			children = (
			);
			name = "栏目二级Cell";
			sourceTree = "<group>";
		};
		858A074E1DE3146100201462 /* 栏目一级VC */ = {
			isa = PBXGroup;
			children = (
				85D596B81DDEF3EC009AC9CE /* programaVC.h */,
				85D596B91DDEF3EC009AC9CE /* programaVC.m */,
			);
			name = "栏目一级VC";
			sourceTree = "<group>";
		};
		858A074F1DE3146F00201462 /* 栏目二级VC */ = {
			isa = PBXGroup;
			children = (
				858A07501DE3155600201462 /* LiveController.h */,
				858A07511DE3155600201462 /* LiveController.m */,
			);
			name = "栏目二级VC";
			sourceTree = "<group>";
		};
		858A07561DE31B7E00201462 /* Layout */ = {
			isa = PBXGroup;
			children = (
				858A07571DE31B9D00201462 /* LiveLayout.h */,
				858A07581DE31B9D00201462 /* LiveLayout.m */,
			);
			name = Layout;
			sourceTree = "<group>";
		};
		85D5965B1DDEE879009AC9CE = {
			isa = PBXGroup;
			children = (
				85D596661DDEE879009AC9CE /* AllpeopleTV */,
				85D596651DDEE879009AC9CE /* Products */,
				3DEA22B71F7DB8AAAC9BF031 /* Pods */,
				01D2081448DEBDC97CF73592 /* Frameworks */,
			);
			sourceTree = "<group>";
		};
		85D596651DDEE879009AC9CE /* Products */ = {
			isa = PBXGroup;
			children = (
				85D596641DDEE879009AC9CE /* AllpeopleTV.app */,
			);
			name = Products;
			sourceTree = "<group>";
		};
		85D596661DDEE879009AC9CE /* AllpeopleTV */ = {
			isa = PBXGroup;
			children = (
				85D5966A1DDEE879009AC9CE /* AppDelegate.h */,
				85D5966B1DDEE879009AC9CE /* AppDelegate.m */,
				85D596C31DDF04B2009AC9CE /* Define */,
				85D596901DDEEF87009AC9CE /* Category */,
				85D596911DDEEF87009AC9CE /* NetManager */,
				852F39401DE57A4B004F5B92 /* Resources */,
				85D596971DDEEF87009AC9CE /* Vendor */,
				85D596AB1DDEF2FA009AC9CE /* Model */,
				85D596AD1DDEF328009AC9CE /* ViewController */,
				85D596671DDEE879009AC9CE /* Supporting Files */,
			);
			path = AllpeopleTV;
			sourceTree = "<group>";
		};
		85D596671DDEE879009AC9CE /* Supporting Files */ = {
			isa = PBXGroup;
			children = (
				85D596681DDEE879009AC9CE /* main.m */,
				85D5969A1DDEEF9C009AC9CE /* PrefixHeader.pch */,
				85D596781DDEE87A009AC9CE /* Info.plist */,
			);
			name = "Supporting Files";
			sourceTree = "<group>";
		};
		85D596901DDEEF87009AC9CE /* Category */ = {
			isa = PBXGroup;
			children = (
				85D596A11DDEF0B4009AC9CE /* NSString+ZX_Method.h */,
				85D596A21DDEF0B4009AC9CE /* NSString+ZX_Method.m */,
				85D596A41DDEF0DC009AC9CE /* NSObject+Pares.h */,
				85D596A51DDEF0DC009AC9CE /* NSObject+Pares.m */,
				85D596A71DDEF0F0009AC9CE /* UIView+HUD.h */,
				85D596A81DDEF0F0009AC9CE /* UIView+HUD.m */,
				858A074A1DE2CCF600201462 /* UIScrollView+Refresh.h */,
				858A074B1DE2CCF600201462 /* UIScrollView+Refresh.m */,
			);
			path = Category;
			sourceTree = "<group>";
		};
		85D596911DDEEF87009AC9CE /* NetManager */ = {
			isa = PBXGroup;
			children = (
				85D596921DDEEF87009AC9CE /* BaseNetManager.h */,
				85D596931DDEEF87009AC9CE /* BaseNetManager.m */,
				85D596941DDEEF87009AC9CE /* NetManager.h */,
				85D596951DDEEF87009AC9CE /* NetManager.m */,
			);
			path = NetManager;
			sourceTree = "<group>";
		};
		85D596971DDEEF87009AC9CE /* Vendor */ = {
			isa = PBXGroup;
			children = (
			);
			path = Vendor;
			sourceTree = "<group>";
		};
		85D596AB1DDEF2FA009AC9CE /* Model */ = {
			isa = PBXGroup;
			children = (
				858A07411DE2960500201462 /* 栏目Model */,
				85DFFA731DDF2C2900EAEE95 /* 直播Model */,
			);
			path = Model;
			sourceTree = "<group>";
		};
		85D596AD1DDEF328009AC9CE /* ViewController */ = {
			isa = PBXGroup;
			children = (
				858A07561DE31B7E00201462 /* Layout */,
				85D596B21DDEF3A5009AC9CE /* TableViewController.h */,
				85D596B31DDEF3A5009AC9CE /* TableViewController.m */,
				85D596AF1DDEF363009AC9CE /* 首页 */,
				85D596AE1DDEF363009AC9CE /* 栏目 */,
				85D596B11DDEF363009AC9CE /* 直播 */,
				85D596B01DDEF363009AC9CE /* 我的 */,
			);
			path = ViewController;
			sourceTree = "<group>";
		};
		85D596AE1DDEF363009AC9CE /* 栏目 */ = {
			isa = PBXGroup;
			children = (
				858A074F1DE3146F00201462 /* 栏目二级VC */,
				858A074E1DE3146100201462 /* 栏目一级VC */,
				858A074D1DE3143C00201462 /* 栏目二级Cell */,
				858A07451DE29B2F00201462 /* 栏目Cell */,
			);
			path = "栏目";
			sourceTree = "<group>";
		};
		85D596AF1DDEF363009AC9CE /* 首页 */ = {
			isa = PBXGroup;
			children = (
				85D596B51DDEF3D3009AC9CE /* homepageVC.h */,
				85D596B61DDEF3D3009AC9CE /* homepageVC.m */,
			);
			path = "首页";
			sourceTree = "<group>";
		};
		85D596B01DDEF363009AC9CE /* 我的 */ = {
			isa = PBXGroup;
			children = (
				85D596BE1DDEF423009AC9CE /* MyHomeVC.h */,
				85D596BF1DDEF423009AC9CE /* MyHomeVC.m */,
				852F39471DE57EA1004F5B92 /* MyTableViewController.h */,
				852F39481DE57EA1004F5B92 /* MyTableViewController.m */,
				851ED33A1DE7139500C63AC7 /* 注册页面 */,
			);
			path = "我的";
			sourceTree = "<group>";
		};
		85D596B11DDEF363009AC9CE /* 直播 */ = {
			isa = PBXGroup;
			children = (
				85D596BB1DDEF409009AC9CE /* liveVC.h */,
				85D596BC1DDEF409009AC9CE /* liveVC.m */,
				851ED32E1DE6C83300C63AC7 /* LiveroomVC.h */,
				851ED32F1DE6C83300C63AC7 /* LiveroomVC.m */,
				858A07491DE2C60700201462 /* 直播Cell */,
				85DFFA7D1DDF3BA200EAEE95 /* llvelayout.h */,
				85DFFA7E1DDF3BA200EAEE95 /* llvelayout.m */,
			);
			path = "直播";
			sourceTree = "<group>";
		};
		85D596C31DDF04B2009AC9CE /* Define */ = {
			isa = PBXGroup;
			children = (
				85DFFA791DDF30DE00EAEE95 /* Constant.h */,
			);
			path = Define;
			sourceTree = "<group>";
		};
		85DFFA731DDF2C2900EAEE95 /* 直播Model */ = {
			isa = PBXGroup;
			children = (
				85DFFA741DDF2C5A00EAEE95 /* liveModel.h */,
				85DFFA751DDF2C5A00EAEE95 /* liveModel.m */,
				851ED3371DE6D3C900C63AC7 /* liveRoomModel.h */,
				851ED3381DE6D3C900C63AC7 /* liveRoomModel.m */,
			);
			name = "直播Model";
			sourceTree = "<group>";
		};
/* End PBXGroup section */

/* Begin PBXNativeTarget section */
		85D596631DDEE879009AC9CE /* AllpeopleTV */ = {
			isa = PBXNativeTarget;
			buildConfigurationList = 85D5967B1DDEE87A009AC9CE /* Build configuration list for PBXNativeTarget "AllpeopleTV" */;
			buildPhases = (
				3DD86C6FE64416F9A0201D24 /* [CP] Check Pods Manifest.lock */,
				85D596601DDEE879009AC9CE /* Sources */,
				85D596611DDEE879009AC9CE /* Frameworks */,
				85D596621DDEE879009AC9CE /* Resources */,
				39C1480EC627131A40A217ED /* [CP] Embed Pods Frameworks */,
				0B2F49EC6607838034573405 /* [CP] Copy Pods Resources */,
			);
			buildRules = (
			);
			dependencies = (
			);
			name = AllpeopleTV;
			productName = AllpeopleTV;
			productReference = 85D596641DDEE879009AC9CE /* AllpeopleTV.app */;
			productType = "com.apple.product-type.application";
		};
/* End PBXNativeTarget section */

/* Begin PBXProject section */
		85D5965C1DDEE879009AC9CE /* Project object */ = {
			isa = PBXProject;
			attributes = {
				LastUpgradeCheck = 0810;
				ORGANIZATIONNAME = Zx;
				TargetAttributes = {
					85D596631DDEE879009AC9CE = {
						CreatedOnToolsVersion = 8.1;
						ProvisioningStyle = Automatic;
					};
				};
			};
			buildConfigurationList = 85D5965F1DDEE879009AC9CE /* Build configuration list for PBXProject "AllpeopleTV" */;
			compatibilityVersion = "Xcode 3.2";
			developmentRegion = English;
			hasScannedForEncodings = 0;
			knownRegions = (
				en,
				Base,
			);
			mainGroup = 85D5965B1DDEE879009AC9CE;
			productRefGroup = 85D596651DDEE879009AC9CE /* Products */;
			projectDirPath = "";
			projectRoot = "";
			targets = (
				85D596631DDEE879009AC9CE /* AllpeopleTV */,
			);
		};
/* End PBXProject section */

/* Begin PBXResourcesBuildPhase section */
		85D596621DDEE879009AC9CE /* Resources */ = {
			isa = PBXResourcesBuildPhase;
			buildActionMask = 2147483647;
			files = (
				852F39461DE57A95004F5B92 /* Images.xcassets in Resources */,
				852F39441DE57A6C004F5B92 /* Launch Screen.storyboard in Resources */,
				852F39421DE57A65004F5B92 /* Storyboard.storyboard in Resources */,
			);
			runOnlyForDeploymentPostprocessing = 0;
		};
/* End PBXResourcesBuildPhase section */

/* Begin PBXShellScriptBuildPhase section */
		0B2F49EC6607838034573405 /* [CP] Copy Pods Resources */ = {
			isa = PBXShellScriptBuildPhase;
			buildActionMask = 2147483647;
			files = (
			);
			inputPaths = (
			);
			name = "[CP] Copy Pods Resources";
			outputPaths = (
			);
			runOnlyForDeploymentPostprocessing = 0;
			shellPath = /bin/sh;
			shellScript = "\"${SRCROOT}/Pods/Target Support Files/Pods-AllpeopleTV/Pods-AllpeopleTV-resources.sh\"\n";
			showEnvVarsInLog = 0;
		};
		39C1480EC627131A40A217ED /* [CP] Embed Pods Frameworks */ = {
			isa = PBXShellScriptBuildPhase;
			buildActionMask = 2147483647;
			files = (
			);
			inputPaths = (
			);
			name = "[CP] Embed Pods Frameworks";
			outputPaths = (
			);
			runOnlyForDeploymentPostprocessing = 0;
			shellPath = /bin/sh;
			shellScript = "\"${SRCROOT}/Pods/Target Support Files/Pods-AllpeopleTV/Pods-AllpeopleTV-frameworks.sh\"\n";
			showEnvVarsInLog = 0;
		};
		3DD86C6FE64416F9A0201D24 /* [CP] Check Pods Manifest.lock */ = {
			isa = PBXShellScriptBuildPhase;
			buildActionMask = 2147483647;
			files = (
			);
			inputPaths = (
			);
			name = "[CP] Check Pods Manifest.lock";
			outputPaths = (
			);
			runOnlyForDeploymentPostprocessing = 0;
			shellPath = /bin/sh;
			shellScript = "diff \"${PODS_ROOT}/../Podfile.lock\" \"${PODS_ROOT}/Manifest.lock\" > /dev/null\nif [[ $? != 0 ]] ; then\n    cat << EOM\nerror: The sandbox is not in sync with the Podfile.lock. Run 'pod install' or update your CocoaPods installation.\nEOM\n    exit 1\nfi\n";
			showEnvVarsInLog = 0;
		};
/* End PBXShellScriptBuildPhase section */

/* Begin PBXSourcesBuildPhase section */
		85D596601DDEE879009AC9CE /* Sources */ = {
			isa = PBXSourcesBuildPhase;
			buildActionMask = 2147483647;
			files = (
				85D596BA1DDEF3EC009AC9CE /* programaVC.m in Sources */,
				85D596B71DDEF3D3009AC9CE /* homepageVC.m in Sources */,
				85D596A61DDEF0DC009AC9CE /* NSObject+Pares.m in Sources */,
				85D596A31DDEF0B4009AC9CE /* NSString+ZX_Method.m in Sources */,
				858A07441DE2963F00201462 /* programaModel.m in Sources */,
				851ED3301DE6C83300C63AC7 /* LiveroomVC.m in Sources */,
				85DFFA7F1DDF3BA200EAEE95 /* llvelayout.m in Sources */,
				85D596981DDEEF87009AC9CE /* BaseNetManager.m in Sources */,
				85DFFA761DDF2C5A00EAEE95 /* liveModel.m in Sources */,
				851ED3361DE6C8B500C63AC7 /* LiveroomView.m in Sources */,
				858A07521DE3155600201462 /* LiveController.m in Sources */,
				85D596991DDEEF87009AC9CE /* NetManager.m in Sources */,
				851ED3391DE6D3C900C63AC7 /* liveRoomModel.m in Sources */,
				85D596B41DDEF3A5009AC9CE /* TableViewController.m in Sources */,
				85D596A91DDEF0F0009AC9CE /* UIView+HUD.m in Sources */,
				85D596BD1DDEF409009AC9CE /* liveVC.m in Sources */,
				858A07481DE29B5800201462 /* programacell.m in Sources */,
				858A074C1DE2CCF600201462 /* UIScrollView+Refresh.m in Sources */,
				85D596C01DDEF423009AC9CE /* MyHomeVC.m in Sources */,
				851ED33D1DE7140200C63AC7 /* registerVC.m in Sources */,
				85D5966C1DDEE879009AC9CE /* AppDelegate.m in Sources */,
				858A07591DE31B9D00201462 /* LiveLayout.m in Sources */,
				852F39491DE57EA1004F5B92 /* MyTableViewController.m in Sources */,
				85D596691DDEE879009AC9CE /* main.m in Sources */,
				85DFFA7C1DDF365600EAEE95 /* liveTVCell.m in Sources */,
				851ED3331DE6C88200C63AC7 /* LiveroomCell.m in Sources */,
			);
			runOnlyForDeploymentPostprocessing = 0;
		};
/* End PBXSourcesBuildPhase section */

/* Begin XCBuildConfiguration section */
		85D596791DDEE87A009AC9CE /* Debug */ = {
			isa = XCBuildConfiguration;
			buildSettings = {
				ALWAYS_SEARCH_USER_PATHS = NO;
				CLANG_ANALYZER_NONNULL = YES;
				CLANG_CXX_LANGUAGE_STANDARD = "gnu++0x";
				CLANG_CXX_LIBRARY = "libc++";
				CLANG_ENABLE_MODULES = YES;
				CLANG_ENABLE_OBJC_ARC = YES;
				CLANG_WARN_BOOL_CONVERSION = YES;
				CLANG_WARN_CONSTANT_CONVERSION = YES;
				CLANG_WARN_DIRECT_OBJC_ISA_USAGE = YES_ERROR;
				CLANG_WARN_DOCUMENTATION_COMMENTS = YES;
				CLANG_WARN_EMPTY_BODY = YES;
				CLANG_WARN_ENUM_CONVERSION = YES;
				CLANG_WARN_INFINITE_RECURSION = YES;
				CLANG_WARN_INT_CONVERSION = YES;
				CLANG_WARN_OBJC_ROOT_CLASS = YES_ERROR;
				CLANG_WARN_SUSPICIOUS_MOVES = YES;
				CLANG_WARN_UNREACHABLE_CODE = YES;
				CLANG_WARN__DUPLICATE_METHOD_MATCH = YES;
				"CODE_SIGN_IDENTITY[sdk=iphoneos*]" = "iPhone Developer";
				COPY_PHASE_STRIP = NO;
				DEBUG_INFORMATION_FORMAT = dwarf;
				ENABLE_STRICT_OBJC_MSGSEND = YES;
				ENABLE_TESTABILITY = YES;
				GCC_C_LANGUAGE_STANDARD = gnu99;
				GCC_DYNAMIC_NO_PIC = NO;
				GCC_NO_COMMON_BLOCKS = YES;
				GCC_OPTIMIZATION_LEVEL = 0;
				GCC_PREPROCESSOR_DEFINITIONS = (
					"DEBUG=1",
					"$(inherited)",
				);
				GCC_WARN_64_TO_32_BIT_CONVERSION = YES;
				GCC_WARN_ABOUT_RETURN_TYPE = YES_ERROR;
				GCC_WARN_UNDECLARED_SELECTOR = YES;
				GCC_WARN_UNINITIALIZED_AUTOS = YES_AGGRESSIVE;
				GCC_WARN_UNUSED_FUNCTION = YES;
				GCC_WARN_UNUSED_VARIABLE = YES;
				IPHONEOS_DEPLOYMENT_TARGET = 10.1;
				MTL_ENABLE_DEBUG_INFO = YES;
				ONLY_ACTIVE_ARCH = YES;
				SDKROOT = iphoneos;
			};
			name = Debug;
		};
		85D5967A1DDEE87A009AC9CE /* Release */ = {
			isa = XCBuildConfiguration;
			buildSettings = {
				ALWAYS_SEARCH_USER_PATHS = NO;
				CLANG_ANALYZER_NONNULL = YES;
				CLANG_CXX_LANGUAGE_STANDARD = "gnu++0x";
				CLANG_CXX_LIBRARY = "libc++";
				CLANG_ENABLE_MODULES = YES;
				CLANG_ENABLE_OBJC_ARC = YES;
				CLANG_WARN_BOOL_CONVERSION = YES;
				CLANG_WARN_CONSTANT_CONVERSION = YES;
				CLANG_WARN_DIRECT_OBJC_ISA_USAGE = YES_ERROR;
				CLANG_WARN_DOCUMENTATION_COMMENTS = YES;
				CLANG_WARN_EMPTY_BODY = YES;
				CLANG_WARN_ENUM_CONVERSION = YES;
				CLANG_WARN_INFINITE_RECURSION = YES;
				CLANG_WARN_INT_CONVERSION = YES;
				CLANG_WARN_OBJC_ROOT_CLASS = YES_ERROR;
				CLANG_WARN_SUSPICIOUS_MOVES = YES;
				CLANG_WARN_UNREACHABLE_CODE = YES;
				CLANG_WARN__DUPLICATE_METHOD_MATCH = YES;
				"CODE_SIGN_IDENTITY[sdk=iphoneos*]" = "iPhone Developer";
				COPY_PHASE_STRIP = NO;
				DEBUG_INFORMATION_FORMAT = "dwarf-with-dsym";
				ENABLE_NS_ASSERTIONS = NO;
				ENABLE_STRICT_OBJC_MSGSEND = YES;
				GCC_C_LANGUAGE_STANDARD = gnu99;
				GCC_NO_COMMON_BLOCKS = YES;
				GCC_WARN_64_TO_32_BIT_CONVERSION = YES;
				GCC_WARN_ABOUT_RETURN_TYPE = YES_ERROR;
				GCC_WARN_UNDECLARED_SELECTOR = YES;
				GCC_WARN_UNINITIALIZED_AUTOS = YES_AGGRESSIVE;
				GCC_WARN_UNUSED_FUNCTION = YES;
				GCC_WARN_UNUSED_VARIABLE = YES;
				IPHONEOS_DEPLOYMENT_TARGET = 10.1;
				MTL_ENABLE_DEBUG_INFO = NO;
				SDKROOT = iphoneos;
				VALIDATE_PRODUCT = YES;
			};
			name = Release;
		};
		85D5967C1DDEE87A009AC9CE /* Debug */ = {
			isa = XCBuildConfiguration;
			baseConfigurationReference = B00C938F55D556E01B4DB968 /* Pods-AllpeopleTV.debug.xcconfig */;
			buildSettings = {
				ASSETCATALOG_COMPILER_APPICON_NAME = AppIcon;
				ASSETCATALOG_COMPILER_LAUNCHIMAGE_NAME = LaunchImage;
				GCC_PREFIX_HEADER = "$(PRODUCT_NAME)/PrefixHeader.pch";
				INFOPLIST_FILE = AllpeopleTV/Info.plist;
				INFOPLIST_PREFIX_HEADER = "";
				LD_RUNPATH_SEARCH_PATHS = "$(inherited) @executable_path/Frameworks";
				PRODUCT_BUNDLE_IDENTIFIER = com.ZeXiDao.AllpeopleTV;
				PRODUCT_NAME = "$(TARGET_NAME)";
			};
			name = Debug;
		};
		85D5967D1DDEE87A009AC9CE /* Release */ = {
			isa = XCBuildConfiguration;
			baseConfigurationReference = 69EA250167B32B960892BA41 /* Pods-AllpeopleTV.release.xcconfig */;
			buildSettings = {
				ASSETCATALOG_COMPILER_APPICON_NAME = AppIcon;
				ASSETCATALOG_COMPILER_LAUNCHIMAGE_NAME = LaunchImage;
				GCC_PREFIX_HEADER = "$(PRODUCT_NAME)/PrefixHeader.pch";
				INFOPLIST_FILE = AllpeopleTV/Info.plist;
				INFOPLIST_PREFIX_HEADER = "";
				LD_RUNPATH_SEARCH_PATHS = "$(inherited) @executable_path/Frameworks";
				PRODUCT_BUNDLE_IDENTIFIER = com.ZeXiDao.AllpeopleTV;
				PRODUCT_NAME = "$(TARGET_NAME)";
			};
			name = Release;
		};
/* End XCBuildConfiguration section */

/* Begin XCConfigurationList section */
		85D5965F1DDEE879009AC9CE /* Build configuration list for PBXProject "AllpeopleTV" */ = {
			isa = XCConfigurationList;
			buildConfigurations = (
				85D596791DDEE87A009AC9CE /* Debug */,
				85D5967A1DDEE87A009AC9CE /* Release */,
			);
			defaultConfigurationIsVisible = 0;
			defaultConfigurationName = Release;
		};
		85D5967B1DDEE87A009AC9CE /* Build configuration list for PBXNativeTarget "AllpeopleTV" */ = {
			isa = XCConfigurationList;
			buildConfigurations = (
				85D5967C1DDEE87A009AC9CE /* Debug */,
				85D5967D1DDEE87A009AC9CE /* Release */,
			);
			defaultConfigurationIsVisible = 0;
			defaultConfigurationName = Release;
		};
/* End XCConfigurationList section */
	};
	rootObject = 85D5965C1DDEE879009AC9CE /* Project object */;
}
